PODS:
  - Alamofire (4.9.1)
  - IQKeyboardManager (6.5.3)
  - Kingfisher (5.9.0):
    - Kingfisher/Core (= 5.9.0)
  - Kingfisher/Core (5.9.0)
  - NumericKeyboard (1.4.0)
  - NVActivityIndicatorView (4.8.0):
    - NVActivityIndicatorView/Presenter (= 4.8.0)
  - NVActivityIndicatorView/Presenter (4.8.0)
  - SwiftyJSON (4.3.0)

DEPENDENCIES:
  - Alamofire
  - IQKeyboardManager
  - Kingfisher
  - NumericKeyboard
  - NVActivityIndicatorView
  - SwiftyJSON (~> 4.0)

SPEC REPOS:
  trunk:
    - Alamofire
    - IQKeyboardManager
    - Kingfisher
    - NumericKeyboard
    - NVActivityIndicatorView
    - SwiftyJSON

SPEC CHECKSUMS:
  Alamofire: 85e8a02c69d6020a0d734f6054870d7ecb75cf18
  IQKeyboardManager: c2f901164d56807a35788483584d09fa69192e8e
  Kingfisher: ff98240aebb7302bdc4f1ecd701761030ce18b16
  NumericKeyboard: fc5c650c82cdd41c40fe7f0f74ed73cb703d45ba
  NVActivityIndicatorView: d24b7ebcf80af5dcd994adb650e2b6c93379270f
  SwiftyJSON: 6faa0040f8b59dead0ee07436cbf76b73c08fd08

PODFILE CHECKSUM: 896dbc6f3cac649618ed4b0a960841d377b3fbda

COCOAPODS: 1.8.4
